Microsoft Visual Studio Solution File, Format Version 12.00
# Visual Studio 2012
Project("{FAE04EC0-301F-11D3-BF4B-00C04F79EFBC}") = "Yyvd", "Yyvd.csproj", "{D1E14D20-5352-4666-B67D-85ED3AEE0BE6}"
EndProject
Global
	GlobalSection(SolutionConfigurationPlatforms) = preSolution
	Debug|Any CPU = Debug|Any CPU
	ExportDebug|Any CPU = ExportDebug|Any CPU
	ExportRelease|Any CPU = ExportRelease|Any CPU
	EndGlobalSection
	GlobalSection(ProjectConfigurationPlatforms) = postSolution
		{D1E14D20-5352-4666-B67D-85ED3AEE0BE6}.Debug|Any CPU.ActiveCfg = Debug|Any CPU
		{D1E14D20-5352-4666-B67D-85ED3AEE0BE6}.Debug|Any CPU.Build.0 = Debug|Any CPU
		{D1E14D20-5352-4666-B67D-85ED3AEE0BE6}.ExportDebug|Any CPU.ActiveCfg = ExportDebug|Any CPU
		{D1E14D20-5352-4666-B67D-85ED3AEE0BE6}.ExportDebug|Any CPU.Build.0 = ExportDebug|Any CPU
		{D1E14D20-5352-4666-B67D-85ED3AEE0BE6}.ExportRelease|Any CPU.ActiveCfg = ExportRelease|Any CPU
		{D1E14D20-5352-4666-B67D-85ED3AEE0BE6}.ExportRelease|Any CPU.Build.0 = ExportRelease|Any CPU
	EndGlobalSection
EndGlobal
